
Microsoft Visual Studio Solution File, Format Version 12.00
# Visual Studio Version 16
VisualStudioVersion = 16.0.30225.117
MinimumVisualStudioVersion = 10.0.40219.1
Project("{9A19103F-16F7-4668-BE54-9A1E7A4F7556}") = "Diannex.NET", "Diannex.NET\Diannex.NET.csproj", "{A63D4F30-ABF1-453F-98F5-C727E082045A}"
EndProject
Global
	GlobalSection(SolutionConfigurationPlatforms) = preSolution
		Debug|Any CPU = Debug|Any CPU
		Release|Any CPU = Release|Any CPU
	EndGlobalSection
	GlobalSection(ProjectConfigurationPlatforms) = postSolution
		{A63D4F30-ABF1-453F-98F5-C727E082045A}.Debug|Any CPU.ActiveCfg = Debug|Any CPU
		{A63D4F30-ABF1-453F-98F5-C727E082045A}.Debug|Any CPU.Build.0 = Debug|Any CPU
		{A63D4F30-ABF1-453F-98F5-C727E082045A}.Release|Any CPU.ActiveCfg = Release|Any CPU
		{A63D4F30-ABF1-453F-98F5-C727E082045A}.Release|Any CPU.Build.0 = Release|Any CPU
	EndGlobalSection
	GlobalSection(SolutionProperties) = preSolution
		HideSolutionNode = FALSE
	EndGlobalSection
	GlobalSection(ExtensibilityGlobals) = postSolution
		SolutionGuid = {68C85E28-092C-44E9-8393-D53C17AA3F41}
	EndGlobalSection
EndGlobal
